
Microsoft Visual Studio Solution File, Format Version 12.00
# Visual Studio Version 16
VisualStudioVersion = 16.0.29326.143
MinimumVisualStudioVersion = 10.0.40219.1
Project("{FAE04EC0-301F-11D3-BF4B-00C04F79EFBC}") = "shop_management", "shop_management.csproj", "{FCA13E6A-0A51-4AA0-A5B7-62CA502643F2}"
EndProject
Global
	GlobalSection(SolutionConfigurationPlatforms) = preSolution
		Debug|Any CPU = Debug|Any CPU
		Release|Any CPU = Release|Any CPU
	EndGlobalSection
	GlobalSection(ProjectConfigurationPlatforms) = postSolution
		{FCA13E6A-0A51-4AA0-A5B7-62CA502643F2}.Debug|Any CPU.ActiveCfg = Debug|Any CPU
		{FCA13E6A-0A51-4AA0-A5B7-62CA502643F2}.Debug|Any CPU.Build.0 = Debug|Any CPU
		{FCA13E6A-0A51-4AA0-A5B7-62CA502643F2}.Release|Any CPU.ActiveCfg = Release|Any CPU
		{FCA13E6A-0A51-4AA0-A5B7-62CA502643F2}.Release|Any CPU.Build.0 = Release|Any CPU
	EndGlobalSection
	GlobalSection(SolutionProperties) = preSolution
		HideSolutionNode = FALSE
	EndGlobalSection
	GlobalSection(ExtensibilityGlobals) = postSolution
		SolutionGuid = {3DF8AC95-597F-4BB8-836D-3ED6B184636A}
	EndGlobalSection
EndGlobal
